
Microsoft Visual Studio Solution File, Format Version 12.00
# Visual Studio Version 17
VisualStudioVersion = 17.7.34031.279
MinimumVisualStudioVersion = 10.0.40219.1
Project("{2150E333-8FDC-42A3-9474-1A3956D46DE8}") = "1-Domain", "1-Domain", "{BE90480C-D10E-41BB-B89F-DEC8C07DEC91}"
EndProject
Project("{FAE04EC0-301F-11D3-BF4B-00C04F79EFBC}") = "Domain", "Domain\Domain.csproj", "{28314F8C-B2A6-43C2-AFB3-8809753DE0A4}"
EndProject
Global
	GlobalSection(SolutionConfigurationPlatforms) = preSolution
		Debug|Any CPU = Debug|Any CPU
		Release|Any CPU = Release|Any CPU
	EndGlobalSection
	GlobalSection(ProjectConfigurationPlatforms) = postSolution
		{28314F8C-B2A6-43C2-AFB3-8809753DE0A4}.Debug|Any CPU.ActiveCfg = Debug|Any CPU
		{28314F8C-B2A6-43C2-AFB3-8809753DE0A4}.Debug|Any CPU.Build.0 = Debug|Any CPU
		{28314F8C-B2A6-43C2-AFB3-8809753DE0A4}.Release|Any CPU.ActiveCfg = Release|Any CPU
		{28314F8C-B2A6-43C2-AFB3-8809753DE0A4}.Release|Any CPU.Build.0 = Release|Any CPU
	EndGlobalSection
	GlobalSection(SolutionProperties) = preSolution
		HideSolutionNode = FALSE
	EndGlobalSection
	GlobalSection(NestedProjects) = preSolution
		{28314F8C-B2A6-43C2-AFB3-8809753DE0A4} = {BE90480C-D10E-41BB-B89F-DEC8C07DEC91}
	EndGlobalSection
	GlobalSection(ExtensibilityGlobals) = postSolution
		SolutionGuid = {4CB37528-177E-4176-A987-35E0717C8F18}
	EndGlobalSection
EndGlobal
